
Microsoft Visual Studio Solution File, Format Version 12.00
# Visual Studio Version 16
VisualStudioVersion = 16.0.30621.155
MinimumVisualStudioVersion = 10.0.40219.1
Project("{FAE04EC0-301F-11D3-BF4B-00C04F79EFBC}") = "gitpubcli", "gitpubcli.csproj", "{CD8B87EB-10DA-42B7-BBD3-C5959A4CA4C0}"
EndProject
Global
	GlobalSection(SolutionConfigurationPlatforms) = preSolution
		Debug|Any CPU = Debug|Any CPU
		Release|Any CPU = Release|Any CPU
	EndGlobalSection
	GlobalSection(ProjectConfigurationPlatforms) = postSolution
		{CD8B87EB-10DA-42B7-BBD3-C5959A4CA4C0}.Debug|Any CPU.ActiveCfg = Debug|Any CPU
		{CD8B87EB-10DA-42B7-BBD3-C5959A4CA4C0}.Debug|Any CPU.Build.0 = Debug|Any CPU
		{CD8B87EB-10DA-42B7-BBD3-C5959A4CA4C0}.Release|Any CPU.ActiveCfg = Release|Any CPU
		{CD8B87EB-10DA-42B7-BBD3-C5959A4CA4C0}.Release|Any CPU.Build.0 = Release|Any CPU
	EndGlobalSection
	GlobalSection(SolutionProperties) = preSolution
		HideSolutionNode = FALSE
	EndGlobalSection
	GlobalSection(ExtensibilityGlobals) = postSolution
		SolutionGuid = {A799AEB8-2EF1-4A13-8F25-6912B0A0AE77}
	EndGlobalSection
EndGlobal
